
Microsoft Visual Studio Solution File, Format Version 12.00
# Visual Studio Version 16
VisualStudioVersion = 16.0.29215.179
MinimumVisualStudioVersion = 10.0.40219.1
Project("{FAE04EC0-301F-11D3-BF4B-00C04F79EFBC}") = "0924 project", "0924 project\0924 project.csproj", "{736FAD05-BBB9-4B16-9554-076F37390B68}"
EndProject
Global
	GlobalSection(SolutionConfigurationPlatforms) = preSolution
		Debug|Any CPU = Debug|Any CPU
		Release|Any CPU = Release|Any CPU
	EndGlobalSection
	GlobalSection(ProjectConfigurationPlatforms) = postSolution
		{736FAD05-BBB9-4B16-9554-076F37390B68}.Debug|Any CPU.ActiveCfg = Debug|Any CPU
		{736FAD05-BBB9-4B16-9554-076F37390B68}.Debug|Any CPU.Build.0 = Debug|Any CPU
		{736FAD05-BBB9-4B16-9554-076F37390B68}.Release|Any CPU.ActiveCfg = Release|Any CPU
		{736FAD05-BBB9-4B16-9554-076F37390B68}.Release|Any CPU.Build.0 = Release|Any CPU
	EndGlobalSection
	GlobalSection(SolutionProperties) = preSolution
		HideSolutionNode = FALSE
	EndGlobalSection
	GlobalSection(ExtensibilityGlobals) = postSolution
		SolutionGuid = {03661B63-89D4-4AF4-B0CA-50C746F83F2D}
	EndGlobalSection
EndGlobal
